<Solution>
  <Project Path="BoilerPlate/BoilerPlate.csproj" />
  <Project Path="BoilerPlateGeneration/BoilerPlateGeneration.csproj" />
  <Project Path="BoilerPlateHiX/BoilerPlateHiX.csproj" />
  <Project Path="BoilerPlateHiXGeneration/BoilerPlateHiXGeneration.csproj" />
  <Project Path="BoilerPlateTests/BoilerPlateTests.csproj" />
  <Project Path="Shared/Shared.csproj" />
</Solution>
